// !$*UTF8*$!
{
	archiveVersion = 1;
	classes = {
	};
	objectVersion = 46;
	objects = {

/* Begin PBXBuildFile section */
		41282D1DABCBC3AF91CBFC67 /* Pods_GetMoreGames.framework in Frameworks */ = {isa = PBXBuildFile; fileRef = 2A286B13A421B6A3B269F22C /* Pods_GetMoreGames.framework */; };
		6285C82D1EBD234E001130EF /* AppDelegate.swift in Sources */ = {isa = PBXBuildFile; fileRef = 6285C82C1EBD234E001130EF /* AppDelegate.swift */; };
		6285C82F1EBD234E001130EF /* ViewController.swift in Sources */ = {isa = PBXBuildFile; fileRef = 6285C82E1EBD234E001130EF /* ViewController.swift */; };
		6285C8321EBD234E001130EF /* Main.storyboard in Resources */ = {isa = PBXBuildFile; fileRef = 6285C8301EBD234E001130EF /* Main.storyboard */; };
		6285C8341EBD234E001130EF /* Assets.xcassets in Resources */ = {isa = PBXBuildFile; fileRef = 6285C8331EBD234E001130EF /* Assets.xcassets */; };
		6285C8371EBD234E001130EF /* LaunchScreen.storyboard in Resources */ = {isa = PBXBuildFile; fileRef = 6285C8351EBD234E001130EF /* LaunchScreen.storyboard */; };
		6285C8451EBD24C9001130EF /* GetMoreGamesTests.swift in Sources */ = {isa = PBXBuildFile; fileRef = 6285C8441EBD24C9001130EF /* GetMoreGamesTests.swift */; };
		F9156195935448074D9DB416 /* Pods_GetMoreGamesTests.framework in Frameworks */ = {isa = PBXBuildFile; fileRef = 8803435E6FB72E84D4A245A4 /* Pods_GetMoreGamesTests.framework */; };
/* End PBXBuildFile section */

/* Begin PBXContainerItemProxy section */
		6285C8471EBD24C9001130EF /* PBXContainerItemProxy */ = {
			isa = PBXContainerItemProxy;
			containerPortal = 6285C8211EBD234E001130EF /* Project object */;
			proxyType = 1;
			remoteGlobalIDString = 6285C8281EBD234E001130EF;
			remoteInfo = GetMoreGames;
		};
/* End PBXContainerItemProxy section */

/* Begin PBXFileReference section */
		2A286B13A421B6A3B269F22C /* Pods_GetMoreGames.framework */ = {isa = PBXFileReference; explicitFileType = wrapper.framework; includeInIndex = 0; path = Pods_GetMoreGames.framework; sourceTree = BUILT_PRODUCTS_DIR; };
		6285C8291EBD234E001130EF /* GetMoreGames.app */ = {isa = PBXFileReference; explicitFileType = wrapper.application; includeInIndex = 0; path = GetMoreGames.app; sourceTree = BUILT_PRODUCTS_DIR; };
		6285C82C1EBD234E001130EF /* AppDelegate.swift */ = {isa = PBXFileReference; lastKnownFileType = sourcecode.swift; path = AppDelegate.swift; sourceTree = "<group>"; };
		6285C82E1EBD234E001130EF /* ViewController.swift */ = {isa = PBXFileReference; lastKnownFileType = sourcecode.swift; path = ViewController.swift; sourceTree = "<group>"; };
		6285C8311EBD234E001130EF /* Base */ = {isa = PBXFileReference; lastKnownFileType = file.storyboard; name = Base; path = Base.lproj/Main.storyboard; sourceTree = "<group>"; };
		6285C8331EBD234E001130EF /* Assets.xcassets */ = {isa = PBXFileReference; lastKnownFileType = folder.assetcatalog; path = Assets.xcassets; sourceTree = "<group>"; };
		6285C8361EBD234E001130EF /* Base */ = {isa = PBXFileReference; lastKnownFileType = file.storyboard; name = Base; path = Base.lproj/LaunchScreen.storyboard; sourceTree = "<group>"; };
		6285C8381EBD234E001130EF /* Info.plist */ = {isa = PBXFileReference; lastKnownFileType = text.plist.xml; path = Info.plist; sourceTree = "<group>"; };
		6285C8421EBD24C9001130EF /* GetMoreGamesTests.xctest */ = {isa = PBXFileReference; explicitFileType = wrapper.cfbundle; includeInIndex = 0; path = GetMoreGamesTests.xctest; sourceTree = BUILT_PRODUCTS_DIR; };
		6285C8441EBD24C9001130EF /* GetMoreGamesTests.swift */ = {isa = PBXFileReference; lastKnownFileType = sourcecode.swift; path = GetMoreGamesTests.swift; sourceTree = "<group>"; };
		6285C8461EBD24C9001130EF /* Info.plist */ = {isa = PBXFileReference; lastKnownFileType = text.plist.xml; path = Info.plist; sourceTree = "<group>"; };
		79DD5B5A8B5B827AC6700208 /* Pods-GetMoreGames.release.xcconfig */ = {isa = PBXFileReference; includeInIndex = 1; lastKnownFileType = text.xcconfig; name = "Pods-GetMoreGames.release.xcconfig"; path = "Pods/Target Support Files/Pods-GetMoreGames/Pods-GetMoreGames.release.xcconfig"; sourceTree = "<group>"; };
		8803435E6FB72E84D4A245A4 /* Pods_GetMoreGamesTests.framework */ = {isa = PBXFileReference; explicitFileType = wrapper.framework; includeInIndex = 0; path = Pods_GetMoreGamesTests.framework; sourceTree = BUILT_PRODUCTS_DIR; };
		92630D88C8D403524AC16E1B /* Pods-GetMoreGamesTests.release.xcconfig */ = {isa = PBXFileReference; includeInIndex = 1; lastKnownFileType = text.xcconfig; name = "Pods-GetMoreGamesTests.release.xcconfig"; path = "Pods/Target Support Files/Pods-GetMoreGamesTests/Pods-GetMoreGamesTests.release.xcconfig"; sourceTree = "<group>"; };
		A288BB4E6F9BB72D707B1220 /* Pods-GetMoreGames.debug.xcconfig */ = {isa = PBXFileReference; includeInIndex = 1; lastKnownFileType = text.xcconfig; name = "Pods-GetMoreGames.debug.xcconfig"; path = "Pods/Target Support Files/Pods-GetMoreGames/Pods-GetMoreGames.debug.xcconfig"; sourceTree = "<group>"; };
		CAACA65BB8D9B30DEC34DB35 /* Pods-GetMoreGamesTests.debug.xcconfig */ = {isa = PBXFileReference; includeInIndex = 1; lastKnownFileType = text.xcconfig; name = "Pods-GetMoreGamesTests.debug.xcconfig"; path = "Pods/Target Support Files/Pods-GetMoreGamesTests/Pods-GetMoreGamesTests.debug.xcconfig"; sourceTree = "<group>"; };
/* End PBXFileReference section */

/* Begin PBXFrameworksBuildPhase section */
		6285C8261EBD234E001130EF /* Frameworks */ = {
			isa = PBXFrameworksBuildPhase;
			buildActionMask = 2147483647;
			files = (
				41282D1DABCBC3AF91CBFC67 /* Pods_GetMoreGames.framework in Frameworks */,
			);
			runOnlyForDeploymentPostprocessing = 0;
		};
		6285C83F1EBD24C9001130EF /* Frameworks */ = {
			isa = PBXFrameworksBuildPhase;
			buildActionMask = 2147483647;
			files = (
				F9156195935448074D9DB416 /* Pods_GetMoreGamesTests.framework in Frameworks */,
			);
			runOnlyForDeploymentPostprocessing = 0;
		};
/* End PBXFrameworksBuildPhase section */

/* Begin PBXGroup section */
		6285C8201EBD234E001130EF = {
			isa = PBXGroup;
			children = (
				6285C82B1EBD234E001130EF /* GetMoreGames */,
				6285C8431EBD24C9001130EF /* GetMoreGamesTests */,
				6285C82A1EBD234E001130EF /* Products */,
				BF10B63446B870BE563F2654 /* Pods */,
				F8DFBF18B4AA615B5644C6C0 /* Frameworks */,
			);
			sourceTree = "<group>";
		};
		6285C82A1EBD234E001130EF /* Products */ = {
			isa = PBXGroup;
			children = (
				6285C8291EBD234E001130EF /* GetMoreGames.app */,
				6285C8421EBD24C9001130EF /* GetMoreGamesTests.xctest */,
			);
			name = Products;
			sourceTree = "<group>";
		};
		6285C82B1EBD234E001130EF /* GetMoreGames */ = {
			isa = PBXGroup;
			children = (
				6285C8511EBD2F4F001130EF /* Model */,
				6285C8501EBD2F3E001130EF /* ViewModel */,
				6285C84F1EBD2F14001130EF /* View */,
				6285C82C1EBD234E001130EF /* AppDelegate.swift */,
				6285C82E1EBD234E001130EF /* ViewController.swift */,
				6285C8301EBD234E001130EF /* Main.storyboard */,
				6285C8331EBD234E001130EF /* Assets.xcassets */,
				6285C8351EBD234E001130EF /* LaunchScreen.storyboard */,
				6285C8381EBD234E001130EF /* Info.plist */,
			);
			path = GetMoreGames;
			sourceTree = "<group>";
		};
		6285C8431EBD24C9001130EF /* GetMoreGamesTests */ = {
			isa = PBXGroup;
			children = (
				6285C8441EBD24C9001130EF /* GetMoreGamesTests.swift */,
				6285C8461EBD24C9001130EF /* Info.plist */,
			);
			path = GetMoreGamesTests;
			sourceTree = "<group>";
		};
		6285C84F1EBD2F14001130EF /* View */ = {
			isa = PBXGroup;
			children = (
			);
			path = View;
			sourceTree = "<group>";
		};
		6285C8501EBD2F3E001130EF /* ViewModel */ = {
			isa = PBXGroup;
			children = (
			);
			path = ViewModel;
			sourceTree = "<group>";
		};
		6285C8511EBD2F4F001130EF /* Model */ = {
			isa = PBXGroup;
			children = (
			);
			path = Model;
			sourceTree = "<group>";
		};
		BF10B63446B870BE563F2654 /* Pods */ = {
			isa = PBXGroup;
			children = (
				A288BB4E6F9BB72D707B1220 /* Pods-GetMoreGames.debug.xcconfig */,
				79DD5B5A8B5B827AC6700208 /* Pods-GetMoreGames.release.xcconfig */,
				CAACA65BB8D9B30DEC34DB35 /* Pods-GetMoreGamesTests.debug.xcconfig */,
				92630D88C8D403524AC16E1B /* Pods-GetMoreGamesTests.release.xcconfig */,
			);
			name = Pods;
			sourceTree = "<group>";
		};
		F8DFBF18B4AA615B5644C6C0 /* Frameworks */ = {
			isa = PBXGroup;
			children = (
				2A286B13A421B6A3B269F22C /* Pods_GetMoreGames.framework */,
				8803435E6FB72E84D4A245A4 /* Pods_GetMoreGamesTests.framework */,
			);
			name = Frameworks;
			sourceTree = "<group>";
		};
/* End PBXGroup section */

/* Begin PBXNativeTarget section */
		6285C8281EBD234E001130EF /* GetMoreGames */ = {
			isa = PBXNativeTarget;
			buildConfigurationList = 6285C83B1EBD234E001130EF /* Build configuration list for PBXNativeTarget "GetMoreGames" */;
			buildPhases = (
				A704E9C943406E7F02A3B2FA /* [CP] Check Pods Manifest.lock */,
				6285C8251EBD234E001130EF /* Sources */,
				6285C8261EBD234E001130EF /* Frameworks */,
				6285C8271EBD234E001130EF /* Resources */,
				6F6A4FF649321DAB30CDC0A8 /* [CP] Embed Pods Frameworks */,
				559413D29CA75FA272A495E7 /* [CP] Copy Pods Resources */,
			);
			buildRules = (
			);
			dependencies = (
			);
			name = GetMoreGames;
			productName = GetMoreGames;
			productReference = 6285C8291EBD234E001130EF /* GetMoreGames.app */;
			productType = "com.apple.product-type.application";
		};
		6285C8411EBD24C9001130EF /* GetMoreGamesTests */ = {
			isa = PBXNativeTarget;
			buildConfigurationList = 6285C8491EBD24C9001130EF /* Build configuration list for PBXNativeTarget "GetMoreGamesTests" */;
			buildPhases = (
				87779DB63016A564A6A144C3 /* [CP] Check Pods Manifest.lock */,
				6285C83E1EBD24C9001130EF /* Sources */,
				6285C83F1EBD24C9001130EF /* Frameworks */,
				6285C8401EBD24C9001130EF /* Resources */,
				BCE1D3B446F66F8554F8BA79 /* [CP] Embed Pods Frameworks */,
				3A73CB6992F878E812B942C6 /* [CP] Copy Pods Resources */,
			);
			buildRules = (
			);
			dependencies = (
				6285C8481EBD24C9001130EF /* PBXTargetDependency */,
			);
			name = GetMoreGamesTests;
			productName = GetMoreGamesTests;
			productReference = 6285C8421EBD24C9001130EF /* GetMoreGamesTests.xctest */;
			productType = "com.apple.product-type.bundle.unit-test";
		};
/* End PBXNativeTarget section */

/* Begin PBXProject section */
		6285C8211EBD234E001130EF /* Project object */ = {
			isa = PBXProject;
			attributes = {
				LastSwiftUpdateCheck = 0820;
				LastUpgradeCheck = 0900;
				ORGANIZATIONNAME = "Murilo da Paixão";
				TargetAttributes = {
					6285C8281EBD234E001130EF = {
						CreatedOnToolsVersion = 8.2.1;
						DevelopmentTeam = 423Q26AEEM;
						LastSwiftMigration = 0900;
						ProvisioningStyle = Automatic;
					};
					6285C8411EBD24C9001130EF = {
						CreatedOnToolsVersion = 8.2.1;
						DevelopmentTeam = 423Q26AEEM;
						LastSwiftMigration = 0900;
						ProvisioningStyle = Automatic;
						TestTargetID = 6285C8281EBD234E001130EF;
					};
				};
			};
			buildConfigurationList = 6285C8241EBD234E001130EF /* Build configuration list for PBXProject "GetMoreGames" */;
			compatibilityVersion = "Xcode 3.2";
			developmentRegion = English;
			hasScannedForEncodings = 0;
			knownRegions = (
				en,
				Base,
			);
			mainGroup = 6285C8201EBD234E001130EF;
			productRefGroup = 6285C82A1EBD234E001130EF /* Products */;
			projectDirPath = "";
			projectRoot = "";
			targets = (
				6285C8281EBD234E001130EF /* GetMoreGames */,
				6285C8411EBD24C9001130EF /* GetMoreGamesTests */,
			);
		};
/* End PBXProject section */

/* Begin PBXResourcesBuildPhase section */
		6285C8271EBD234E001130EF /* Resources */ = {
			isa = PBXResourcesBuildPhase;
			buildActionMask = 2147483647;
			files = (
				6285C8371EBD234E001130EF /* LaunchScreen.storyboard in Resources */,
				6285C8341EBD234E001130EF /* Assets.xcassets in Resources */,
				6285C8321EBD234E001130EF /* Main.storyboard in Resources */,
			);
			runOnlyForDeploymentPostprocessing = 0;
		};
		6285C8401EBD24C9001130EF /* Resources */ = {
			isa = PBXResourcesBuildPhase;
			buildActionMask = 2147483647;
			files = (
			);
			runOnlyForDeploymentPostprocessing = 0;
		};
/* End PBXResourcesBuildPhase section */

/* Begin PBXShellScriptBuildPhase section */
		3A73CB6992F878E812B942C6 /* [CP] Copy Pods Resources */ = {
			isa = PBXShellScriptBuildPhase;
			buildActionMask = 2147483647;
			files = (
			);
			inputPaths = (
			);
			name = "[CP] Copy Pods Resources";
			outputPaths = (
			);
			runOnlyForDeploymentPostprocessing = 0;
			shellPath = /bin/sh;
			shellScript = "\"${SRCROOT}/Pods/Target Support Files/Pods-GetMoreGamesTests/Pods-GetMoreGamesTests-resources.sh\"\n";
			showEnvVarsInLog = 0;
		};
		559413D29CA75FA272A495E7 /* [CP] Copy Pods Resources */ = {
			isa = PBXShellScriptBuildPhase;
			buildActionMask = 2147483647;
			files = (
			);
			inputPaths = (
			);
			name = "[CP] Copy Pods Resources";
			outputPaths = (
			);
			runOnlyForDeploymentPostprocessing = 0;
			shellPath = /bin/sh;
			shellScript = "\"${SRCROOT}/Pods/Target Support Files/Pods-GetMoreGames/Pods-GetMoreGames-resources.sh\"\n";
			showEnvVarsInLog = 0;
		};
		6F6A4FF649321DAB30CDC0A8 /* [CP] Embed Pods Frameworks */ = {
			isa = PBXShellScriptBuildPhase;
			buildActionMask = 2147483647;
			files = (
			);
			inputPaths = (
				"${SRCROOT}/Pods/Target Support Files/Pods-GetMoreGames/Pods-GetMoreGames-frameworks.sh",
				"${BUILT_PRODUCTS_DIR}/Alamofire/Alamofire.framework",
				"${BUILT_PRODUCTS_DIR}/Cartography/Cartography.framework",
				"${BUILT_PRODUCTS_DIR}/Moya/Moya.framework",
				"${BUILT_PRODUCTS_DIR}/Result/Result.framework",
				"${BUILT_PRODUCTS_DIR}/RxCocoa/RxCocoa.framework",
				"${BUILT_PRODUCTS_DIR}/RxSwift/RxSwift.framework",
			);
			name = "[CP] Embed Pods Frameworks";
			outputPaths = (
				"${TARGET_BUILD_DIR}/${FRAMEWORKS_FOLDER_PATH}/Alamofire.framework",
				"${TARGET_BUILD_DIR}/${FRAMEWORKS_FOLDER_PATH}/Cartography.framework",
				"${TARGET_BUILD_DIR}/${FRAMEWORKS_FOLDER_PATH}/Moya.framework",
				"${TARGET_BUILD_DIR}/${FRAMEWORKS_FOLDER_PATH}/Result.framework",
				"${TARGET_BUILD_DIR}/${FRAMEWORKS_FOLDER_PATH}/RxCocoa.framework",
				"${TARGET_BUILD_DIR}/${FRAMEWORKS_FOLDER_PATH}/RxSwift.framework",
			);
			runOnlyForDeploymentPostprocessing = 0;
			shellPath = /bin/sh;
			shellScript = "\"${SRCROOT}/Pods/Target Support Files/Pods-GetMoreGames/Pods-GetMoreGames-frameworks.sh\"\n";
			showEnvVarsInLog = 0;
		};
		87779DB63016A564A6A144C3 /* [CP] Check Pods Manifest.lock */ = {
			isa = PBXShellScriptBuildPhase;
			buildActionMask = 2147483647;
			files = (
			);
			inputPaths = (
				"${PODS_PODFILE_DIR_PATH}/Podfile.lock",
				"${PODS_ROOT}/Manifest.lock",
			);
			name = "[CP] Check Pods Manifest.lock";
			outputPaths = (
				"$(DERIVED_FILE_DIR)/Pods-GetMoreGamesTests-checkManifestLockResult.txt",
			);
			runOnlyForDeploymentPostprocessing = 0;
			shellPath = /bin/sh;
			shellScript = "diff \"${PODS_PODFILE_DIR_PATH}/Podfile.lock\" \"${PODS_ROOT}/Manifest.lock\" > /dev/null\nif [ $? != 0 ] ; then\n    # print error to STDERR\n    echo \"error: The sandbox is not in sync with the Podfile.lock. Run 'pod install' or update your CocoaPods installation.\" >&2\n    exit 1\nfi\n# This output is used by Xcode 'outputs' to avoid re-running this script phase.\necho \"SUCCESS\" > \"${SCRIPT_OUTPUT_FILE_0}\"\n";
			showEnvVarsInLog = 0;
		};
		A704E9C943406E7F02A3B2FA /* [CP] Check Pods Manifest.lock */ = {
			isa = PBXShellScriptBuildPhase;
			buildActionMask = 2147483647;
			files = (
			);
			inputPaths = (
				"${PODS_PODFILE_DIR_PATH}/Podfile.lock",
				"${PODS_ROOT}/Manifest.lock",
			);
			name = "[CP] Check Pods Manifest.lock";
			outputPaths = (
				"$(DERIVED_FILE_DIR)/Pods-GetMoreGames-checkManifestLockResult.txt",
			);
			runOnlyForDeploymentPostprocessing = 0;
			shellPath = /bin/sh;
			shellScript = "diff \"${PODS_PODFILE_DIR_PATH}/Podfile.lock\" \"${PODS_ROOT}/Manifest.lock\" > /dev/null\nif [ $? != 0 ] ; then\n    # print error to STDERR\n    echo \"error: The sandbox is not in sync with the Podfile.lock. Run 'pod install' or update your CocoaPods installation.\" >&2\n    exit 1\nfi\n# This output is used by Xcode 'outputs' to avoid re-running this script phase.\necho \"SUCCESS\" > \"${SCRIPT_OUTPUT_FILE_0}\"\n";
			showEnvVarsInLog = 0;
		};
		BCE1D3B446F66F8554F8BA79 /* [CP] Embed Pods Frameworks */ = {
			isa = PBXShellScriptBuildPhase;
			buildActionMask = 2147483647;
			files = (
			);
			inputPaths = (
				"${SRCROOT}/Pods/Target Support Files/Pods-GetMoreGamesTests/Pods-GetMoreGamesTests-frameworks.sh",
				"${BUILT_PRODUCTS_DIR}/Quick/Quick.framework",
			);
			name = "[CP] Embed Pods Frameworks";
			outputPaths = (
				"${TARGET_BUILD_DIR}/${FRAMEWORKS_FOLDER_PATH}/Quick.framework",
			);
			runOnlyForDeploymentPostprocessing = 0;
			shellPath = /bin/sh;
			shellScript = "\"${SRCROOT}/Pods/Target Support Files/Pods-GetMoreGamesTests/Pods-GetMoreGamesTests-frameworks.sh\"\n";
			showEnvVarsInLog = 0;
		};
/* End PBXShellScriptBuildPhase section */

/* Begin PBXSourcesBuildPhase section */
		6285C8251EBD234E001130EF /* Sources */ = {
			isa = PBXSourcesBuildPhase;
			buildActionMask = 2147483647;
			files = (
				6285C82F1EBD234E001130EF /* ViewController.swift in Sources */,
				6285C82D1EBD234E001130EF /* AppDelegate.swift in Sources */,
			);
			runOnlyForDeploymentPostprocessing = 0;
		};
		6285C83E1EBD24C9001130EF /* Sources */ = {
			isa = PBXSourcesBuildPhase;
			buildActionMask = 2147483647;
			files = (
				6285C8451EBD24C9001130EF /* GetMoreGamesTests.swift in Sources */,
			);
			runOnlyForDeploymentPostprocessing = 0;
		};
/* End PBXSourcesBuildPhase section */

/* Begin PBXTargetDependency section */
		6285C8481EBD24C9001130EF /* PBXTargetDependency */ = {
			isa = PBXTargetDependency;
			target = 6285C8281EBD234E001130EF /* GetMoreGames */;
			targetProxy = 6285C8471EBD24C9001130EF /* PBXContainerItemProxy */;
		};
/* End PBXTargetDependency section */

/* Begin PBXVariantGroup section */
		6285C8301EBD234E001130EF /* Main.storyboard */ = {
			isa = PBXVariantGroup;
			children = (
				6285C8311EBD234E001130EF /* Base */,
			);
			name = Main.storyboard;
			sourceTree = "<group>";
		};
		6285C8351EBD234E001130EF /* LaunchScreen.storyboard */ = {
			isa = PBXVariantGroup;
			children = (
				6285C8361EBD234E001130EF /* Base */,
			);
			name = LaunchScreen.storyboard;
			sourceTree = "<group>";
		};
/* End PBXVariantGroup section */

/* Begin XCBuildConfiguration section */
		6285C8391EBD234E001130EF /* Debug */ = {
			isa = XCBuildConfiguration;
			buildSettings = {
				ALWAYS_SEARCH_USER_PATHS = NO;
				CLANG_ANALYZER_NONNULL = YES;
				CLANG_CXX_LANGUAGE_STANDARD = "gnu++0x";
				CLANG_CXX_LIBRARY = "libc++";
				CLANG_ENABLE_MODULES = YES;
				CLANG_ENABLE_OBJC_ARC = YES;
				CLANG_WARN_BLOCK_CAPTURE_AUTORELEASING = YES;
				CLANG_WARN_BOOL_CONVERSION = YES;
				CLANG_WARN_COMMA = YES;
				CLANG_WARN_CONSTANT_CONVERSION = YES;
				CLANG_WARN_DIRECT_OBJC_ISA_USAGE = YES_ERROR;
				CLANG_WARN_DOCUMENTATION_COMMENTS = YES;
				CLANG_WARN_EMPTY_BODY = YES;
				CLANG_WARN_ENUM_CONVERSION = YES;
				CLANG_WARN_INFINITE_RECURSION = YES;
				CLANG_WARN_INT_CONVERSION = YES;
				CLANG_WARN_NON_LITERAL_NULL_CONVERSION = YES;
				CLANG_WARN_OBJC_LITERAL_CONVERSION = YES;
				CLANG_WARN_OBJC_ROOT_CLASS = YES_ERROR;
				CLANG_WARN_RANGE_LOOP_ANALYSIS = YES;
				CLANG_WARN_STRICT_PROTOTYPES = YES;
				CLANG_WARN_SUSPICIOUS_MOVE = YES;
				CLANG_WARN_UNREACHABLE_CODE = YES;
				CLANG_WARN__DUPLICATE_METHOD_MATCH = YES;
				"CODE_SIGN_IDENTITY[sdk=iphoneos*]" = "iPhone Developer";
				COPY_PHASE_STRIP = NO;
				DEBUG_INFORMATION_FORMAT = dwarf;
				ENABLE_STRICT_OBJC_MSGSEND = YES;
				ENABLE_TESTABILITY = YES;
				GCC_C_LANGUAGE_STANDARD = gnu99;
				GCC_DYNAMIC_NO_PIC = NO;
				GCC_NO_COMMON_BLOCKS = YES;
				GCC_OPTIMIZATION_LEVEL = 0;
				GCC_PREPROCESSOR_DEFINITIONS = (
					"DEBUG=1",
					"$(inherited)",
				);
				GCC_WARN_64_TO_32_BIT_CONVERSION = YES;
				GCC_WARN_ABOUT_RETURN_TYPE = YES_ERROR;
				GCC_WARN_UNDECLARED_SELECTOR = YES;
				GCC_WARN_UNINITIALIZED_AUTOS = YES_AGGRESSIVE;
				GCC_WARN_UNUSED_FUNCTION = YES;
				GCC_WARN_UNUSED_VARIABLE = YES;
				IPHONEOS_DEPLOYMENT_TARGET = 10.2;
				MTL_ENABLE_DEBUG_INFO = YES;
				ONLY_ACTIVE_ARCH = YES;
				SDKROOT = iphoneos;
				SWIFT_ACTIVE_COMPILATION_CONDITIONS = DEBUG;
				SWIFT_OPTIMIZATION_LEVEL = "-Onone";
				TARGETED_DEVICE_FAMILY = "1,2";
			};
			name = Debug;
		};
		6285C83A1EBD234E001130EF /* Release */ = {
			isa = XCBuildConfiguration;
			buildSettings = {
				ALWAYS_SEARCH_USER_PATHS = NO;
				CLANG_ANALYZER_NONNULL = YES;
				CLANG_CXX_LANGUAGE_STANDARD = "gnu++0x";
				CLANG_CXX_LIBRARY = "libc++";
				CLANG_ENABLE_MODULES = YES;
				CLANG_ENABLE_OBJC_ARC = YES;
				CLANG_WARN_BLOCK_CAPTURE_AUTORELEASING = YES;
				CLANG_WARN_BOOL_CONVERSION = YES;
				CLANG_WARN_COMMA = YES;
				CLANG_WARN_CONSTANT_CONVERSION = YES;
				CLANG_WARN_DIRECT_OBJC_ISA_USAGE = YES_ERROR;
				CLANG_WARN_DOCUMENTATION_COMMENTS = YES;
				CLANG_WARN_EMPTY_BODY = YES;
				CLANG_WARN_ENUM_CONVERSION = YES;
				CLANG_WARN_INFINITE_RECURSION = YES;
				CLANG_WARN_INT_CONVERSION = YES;
				CLANG_WARN_NON_LITERAL_NULL_CONVERSION = YES;
				CLANG_WARN_OBJC_LITERAL_CONVERSION = YES;
				CLANG_WARN_OBJC_ROOT_CLASS = YES_ERROR;
				CLANG_WARN_RANGE_LOOP_ANALYSIS = YES;
				CLANG_WARN_STRICT_PROTOTYPES = YES;
				CLANG_WARN_SUSPICIOUS_MOVE = YES;
				CLANG_WARN_UNREACHABLE_CODE = YES;
				CLANG_WARN__DUPLICATE_METHOD_MATCH = YES;
				"CODE_SIGN_IDENTITY[sdk=iphoneos*]" = "iPhone Developer";
				COPY_PHASE_STRIP = NO;
				DEBUG_INFORMATION_FORMAT = "dwarf-with-dsym";
				ENABLE_NS_ASSERTIONS = NO;
				ENABLE_STRICT_OBJC_MSGSEND = YES;
				GCC_C_LANGUAGE_STANDARD = gnu99;
				GCC_NO_COMMON_BLOCKS = YES;
				GCC_WARN_64_TO_32_BIT_CONVERSION = YES;
				GCC_WARN_ABOUT_RETURN_TYPE = YES_ERROR;
				GCC_WARN_UNDECLARED_SELECTOR = YES;
				GCC_WARN_UNINITIALIZED_AUTOS = YES_AGGRESSIVE;
				GCC_WARN_UNUSED_FUNCTION = YES;
				GCC_WARN_UNUSED_VARIABLE = YES;
				IPHONEOS_DEPLOYMENT_TARGET = 10.2;
				MTL_ENABLE_DEBUG_INFO = NO;
				SDKROOT = iphoneos;
				SWIFT_OPTIMIZATION_LEVEL = "-Owholemodule";
				TARGETED_DEVICE_FAMILY = "1,2";
				VALIDATE_PRODUCT = YES;
			};
			name = Release;
		};
		6285C83C1EBD234E001130EF /* Debug */ = {
			isa = XCBuildConfiguration;
			baseConfigurationReference = A288BB4E6F9BB72D707B1220 /* Pods-GetMoreGames.debug.xcconfig */;
			buildSettings = {
				ASSETCATALOG_COMPILER_APPICON_NAME = AppIcon;
				DEVELOPMENT_TEAM = 423Q26AEEM;
				INFOPLIST_FILE = GetMoreGames/Info.plist;
				LD_RUNPATH_SEARCH_PATHS = "$(inherited) @executable_path/Frameworks";
				PRODUCT_BUNDLE_IDENTIFIER = com.murilo.GetMoreGames;
				PRODUCT_NAME = "$(TARGET_NAME)";
				SWIFT_SWIFT3_OBJC_INFERENCE = On;
				SWIFT_VERSION = 4.0;
			};
			name = Debug;
		};
		6285C83D1EBD234E001130EF /* Release */ = {
			isa = XCBuildConfiguration;
			baseConfigurationReference = 79DD5B5A8B5B827AC6700208 /* Pods-GetMoreGames.release.xcconfig */;
			buildSettings = {
				ASSETCATALOG_COMPILER_APPICON_NAME = AppIcon;
				DEVELOPMENT_TEAM = 423Q26AEEM;
				INFOPLIST_FILE = GetMoreGames/Info.plist;
				LD_RUNPATH_SEARCH_PATHS = "$(inherited) @executable_path/Frameworks";
				PRODUCT_BUNDLE_IDENTIFIER = com.murilo.GetMoreGames;
				PRODUCT_NAME = "$(TARGET_NAME)";
				SWIFT_SWIFT3_OBJC_INFERENCE = On;
				SWIFT_VERSION = 4.0;
			};
			name = Release;
		};
		6285C84A1EBD24C9001130EF /* Debug */ = {
			isa = XCBuildConfiguration;
			baseConfigurationReference = CAACA65BB8D9B30DEC34DB35 /* Pods-GetMoreGamesTests.debug.xcconfig */;
			buildSettings = {
				BUNDLE_LOADER = "$(TEST_HOST)";
				DEVELOPMENT_TEAM = 423Q26AEEM;
				INFOPLIST_FILE = GetMoreGamesTests/Info.plist;
				LD_RUNPATH_SEARCH_PATHS = "$(inherited) @executable_path/Frameworks @loader_path/Frameworks";
				PRODUCT_BUNDLE_IDENTIFIER = com.murilo.GetMoreGamesTests;
				PRODUCT_NAME = "$(TARGET_NAME)";
				SWIFT_SWIFT3_OBJC_INFERENCE = On;
				SWIFT_VERSION = 4.0;
				TEST_HOST = "$(BUILT_PRODUCTS_DIR)/GetMoreGames.app/GetMoreGames";
			};
			name = Debug;
		};
		6285C84B1EBD24C9001130EF /* Release */ = {
			isa = XCBuildConfiguration;
			baseConfigurationReference = 92630D88C8D403524AC16E1B /* Pods-GetMoreGamesTests.release.xcconfig */;
			buildSettings = {
				BUNDLE_LOADER = "$(TEST_HOST)";
				DEVELOPMENT_TEAM = 423Q26AEEM;
				INFOPLIST_FILE = GetMoreGamesTests/Info.plist;
				LD_RUNPATH_SEARCH_PATHS = "$(inherited) @executable_path/Frameworks @loader_path/Frameworks";
				PRODUCT_BUNDLE_IDENTIFIER = com.murilo.GetMoreGamesTests;
				PRODUCT_NAME = "$(TARGET_NAME)";
				SWIFT_SWIFT3_OBJC_INFERENCE = On;
				SWIFT_VERSION = 4.0;
				TEST_HOST = "$(BUILT_PRODUCTS_DIR)/GetMoreGames.app/GetMoreGames";
			};
			name = Release;
		};
/* End XCBuildConfiguration section */

/* Begin XCConfigurationList section */
		6285C8241EBD234E001130EF /* Build configuration list for PBXProject "GetMoreGames" */ = {
			isa = XCConfigurationList;
			buildConfigurations = (
				6285C8391EBD234E001130EF /* Debug */,
				6285C83A1EBD234E001130EF /* Release */,
			);
			defaultConfigurationIsVisible = 0;
			defaultConfigurationName = Release;
		};
		6285C83B1EBD234E001130EF /* Build configuration list for PBXNativeTarget "GetMoreGames" */ = {
			isa = XCConfigurationList;
			buildConfigurations = (
				6285C83C1EBD234E001130EF /* Debug */,
				6285C83D1EBD234E001130EF /* Release */,
			);
			defaultConfigurationIsVisible = 0;
			defaultConfigurationName = Release;
		};
		6285C8491EBD24C9001130EF /* Build configuration list for PBXNativeTarget "GetMoreGamesTests" */ = {
			isa = XCConfigurationList;
			buildConfigurations = (
				6285C84A1EBD24C9001130EF /* Debug */,
				6285C84B1EBD24C9001130EF /* Release */,
			);
			defaultConfigurationIsVisible = 0;
			defaultConfigurationName = Release;
		};
/* End XCConfigurationList section */
	};
	rootObject = 6285C8211EBD234E001130EF /* Project object */;
}
